
Microsoft Visual Studio Solution File, Format Version 12.00
# Visual Studio Version 17
VisualStudioVersion = 17.13.35919.96 d17.13
MinimumVisualStudioVersion = 10.0.40219.1
Project("{8BC9CEB8-8B4A-11D0-8D11-00A0C91BC942}") = "Part1", "Part1.vcxproj", "{30260A2E-1DAB-4B97-A9C1-A599CB328C6F}"
EndProject
Global
	GlobalSection(SolutionConfigurationPlatforms) = preSolution
		Debug|x64 = Debug|x64
		Debug|x86 = Debug|x86
		Release|x64 = Release|x64
		Release|x86 = Release|x86
	EndGlobalSection
	GlobalSection(ProjectConfigurationPlatforms) = postSolution
		{30260A2E-1DAB-4B97-A9C1-A599CB328C6F}.Debug|x64.ActiveCfg = Debug|x64
		{30260A2E-1DAB-4B97-A9C1-A599CB328C6F}.Debug|x64.Build.0 = Debug|x64
		{30260A2E-1DAB-4B97-A9C1-A599CB328C6F}.Debug|x86.ActiveCfg = Debug|Win32
		{30260A2E-1DAB-4B97-A9C1-A599CB328C6F}.Debug|x86.Build.0 = Debug|Win32
		{30260A2E-1DAB-4B97-A9C1-A599CB328C6F}.Release|x64.ActiveCfg = Release|x64
		{30260A2E-1DAB-4B97-A9C1-A599CB328C6F}.Release|x64.Build.0 = Release|x64
		{30260A2E-1DAB-4B97-A9C1-A599CB328C6F}.Release|x86.ActiveCfg = Release|Win32
		{30260A2E-1DAB-4B97-A9C1-A599CB328C6F}.Release|x86.Build.0 = Release|Win32
	EndGlobalSection
	GlobalSection(SolutionProperties) = preSolution
		HideSolutionNode = FALSE
	EndGlobalSection
	GlobalSection(ExtensibilityGlobals) = postSolution
		SolutionGuid = {3712D234-3BCD-4352-BF4F-287959315726}
	EndGlobalSection
EndGlobal
